
Microsoft Visual Studio Solution File, Format Version 12.00
# Visual Studio Version 16
VisualStudioVersion = 16.0.31410.357
MinimumVisualStudioVersion = 10.0.40219.1
Project("{888888A0-9F3D-457C-B088-3A5042F75D52}") = "WebProject_1", "WebProject_1.pyproj", "{0D6156CC-3970-4138-8411-8D931E426294}"
EndProject
Global
	GlobalSection(SolutionConfigurationPlatforms) = preSolution
		Debug|Any CPU = Debug|Any CPU
		Release|Any CPU = Release|Any CPU
	EndGlobalSection
	GlobalSection(ProjectConfigurationPlatforms) = postSolution
		{0D6156CC-3970-4138-8411-8D931E426294}.Debug|Any CPU.ActiveCfg = Debug|Any CPU
		{0D6156CC-3970-4138-8411-8D931E426294}.Debug|Any CPU.Build.0 = Debug|Any CPU
		{0D6156CC-3970-4138-8411-8D931E426294}.Release|Any CPU.ActiveCfg = Release|Any CPU
		{0D6156CC-3970-4138-8411-8D931E426294}.Release|Any CPU.Build.0 = Release|Any CPU
	EndGlobalSection
	GlobalSection(SolutionProperties) = preSolution
		HideSolutionNode = FALSE
	EndGlobalSection
	GlobalSection(ExtensibilityGlobals) = postSolution
		SolutionGuid = {70A870E8-0C35-47A3-8B9D-8058556C2632}
	EndGlobalSection
EndGlobal
